// !$*UTF8*$!
{
	archiveVersion = 1;
	classes = {
	};
	objectVersion = 50;
	objects = {

/* Begin PBXBuildFile section */
		7D4008E5255B027000CAB612 /* AppDelegate.swift in Sources */ = {isa = PBXBuildFile; fileRef = 7D4008E4255B027000CAB612 /* AppDelegate.swift */; };
		7D4008E7255B027000CAB612 /* SceneDelegate.swift in Sources */ = {isa = PBXBuildFile; fileRef = 7D4008E6255B027000CAB612 /* SceneDelegate.swift */; };
		7D4008E9255B027000CAB612 /* ContentView.swift in Sources */ = {isa = PBXBuildFile; fileRef = 7D4008E8255B027000CAB612 /* ContentView.swift */; };
		7D4008EB255B027200CAB612 /* Assets.xcassets in Resources */ = {isa = PBXBuildFile; fileRef = 7D4008EA255B027200CAB612 /* Assets.xcassets */; };
		7D4008EE255B027200CAB612 /* Preview Assets.xcassets in Resources */ = {isa = PBXBuildFile; fileRef = 7D4008ED255B027200CAB612 /* Preview Assets.xcassets */; };
		7D4008F1255B027200CAB612 /* LaunchScreen.storyboard in Resources */ = {isa = PBXBuildFile; fileRef = 7D4008EF255B027200CAB612 /* LaunchScreen.storyboard */; };
/* End PBXBuildFile section */

/* Begin PBXFileReference section */
		7D4008E1255B027000CAB612 /* Kalkulaet.app */ = {isa = PBXFileReference; explicitFileType = wrapper.application; includeInIndex = 0; path = Kalkulaet.app; sourceTree = BUILT_PRODUCTS_DIR; };
		7D4008E4255B027000CAB612 /* AppDelegate.swift */ = {isa = PBXFileReference; lastKnownFileType = sourcecode.swift; path = AppDelegate.swift; sourceTree = "<group>"; };
		7D4008E6255B027000CAB612 /* SceneDelegate.swift */ = {isa = PBXFileReference; lastKnownFileType = sourcecode.swift; path = SceneDelegate.swift; sourceTree = "<group>"; };
		7D4008E8255B027000CAB612 /* ContentView.swift */ = {isa = PBXFileReference; lastKnownFileType = sourcecode.swift; path = ContentView.swift; sourceTree = "<group>"; };
		7D4008EA255B027200CAB612 /* Assets.xcassets */ = {isa = PBXFileReference; lastKnownFileType = folder.assetcatalog; path = Assets.xcassets; sourceTree = "<group>"; };
		7D4008ED255B027200CAB612 /* Preview Assets.xcassets */ = {isa = PBXFileReference; lastKnownFileType = folder.assetcatalog; path = "Preview Assets.xcassets"; sourceTree = "<group>"; };
		7D4008F0255B027200CAB612 /* Base */ = {isa = PBXFileReference; lastKnownFileType = file.storyboard; name = Base; path = Base.lproj/LaunchScreen.storyboard; sourceTree = "<group>"; };
		7D4008F2255B027200CAB612 /* Info.plist */ = {isa = PBXFileReference; lastKnownFileType = text.plist.xml; path = Info.plist; sourceTree = "<group>"; };
/* End PBXFileReference section */

/* Begin PBXFrameworksBuildPhase section */
		7D4008DE255B027000CAB612 /* Frameworks */ = {
			isa = PBXFrameworksBuildPhase;
			buildActionMask = 2147483647;
			files = (
			);
			runOnlyForDeploymentPostprocessing = 0;
		};
/* End PBXFrameworksBuildPhase section */

/* Begin PBXGroup section */
		7D4008D8255B027000CAB612 = {
			isa = PBXGroup;
			children = (
				7D4008E3255B027000CAB612 /* Kalkulaet */,
				7D4008E2255B027000CAB612 /* Products */,
			);
			sourceTree = "<group>";
		};
		7D4008E2255B027000CAB612 /* Products */ = {
			isa = PBXGroup;
			children = (
				7D4008E1255B027000CAB612 /* Kalkulaet.app */,
			);
			name = Products;
			sourceTree = "<group>";
		};
		7D4008E3255B027000CAB612 /* Kalkulaet */ = {
			isa = PBXGroup;
			children = (
				7D4008E4255B027000CAB612 /* AppDelegate.swift */,
				7D4008E6255B027000CAB612 /* SceneDelegate.swift */,
				7D4008E8255B027000CAB612 /* ContentView.swift */,
				7D4008EA255B027200CAB612 /* Assets.xcassets */,
				7D4008EF255B027200CAB612 /* LaunchScreen.storyboard */,
				7D4008F2255B027200CAB612 /* Info.plist */,
				7D4008EC255B027200CAB612 /* Preview Content */,
			);
			path = Kalkulaet;
			sourceTree = "<group>";
		};
		7D4008EC255B027200CAB612 /* Preview Content */ = {
			isa = PBXGroup;
			children = (
				7D4008ED255B027200CAB612 /* Preview Assets.xcassets */,
			);
			path = "Preview Content";
			sourceTree = "<group>";
		};
/* End PBXGroup section */

/* Begin PBXNativeTarget section */
		7D4008E0255B027000CAB612 /* Kalkulaet */ = {
			isa = PBXNativeTarget;
			buildConfigurationList = 7D4008F5255B027200CAB612 /* Build configuration list for PBXNativeTarget "Kalkulaet" */;
			buildPhases = (
				7D4008DD255B027000CAB612 /* Sources */,
				7D4008DE255B027000CAB612 /* Frameworks */,
				7D4008DF255B027000CAB612 /* Resources */,
			);
			buildRules = (
			);
			dependencies = (
			);
			name = Kalkulaet;
			productName = Kalkulaet;
			productReference = 7D4008E1255B027000CAB612 /* Kalkulaet.app */;
			productType = "com.apple.product-type.application";
		};
/* End PBXNativeTarget section */

/* Begin PBXProject section */
		7D4008D9255B027000CAB612 /* Project object */ = {
			isa = PBXProject;
			attributes = {
				LastSwiftUpdateCheck = 1160;
				LastUpgradeCheck = 1160;
				ORGANIZATIONNAME = "Anton Mikliayev";
				TargetAttributes = {
					7D4008E0255B027000CAB612 = {
						CreatedOnToolsVersion = 11.6;
					};
				};
			};
			buildConfigurationList = 7D4008DC255B027000CAB612 /* Build configuration list for PBXProject "Kalkulaet" */;
			compatibilityVersion = "Xcode 9.3";
			developmentRegion = en;
			hasScannedForEncodings = 0;
			knownRegions = (
				en,
				Base,
			);
			mainGroup = 7D4008D8255B027000CAB612;
			productRefGroup = 7D4008E2255B027000CAB612 /* Products */;
			projectDirPath = "";
			projectRoot = "";
			targets = (
				7D4008E0255B027000CAB612 /* Kalkulaet */,
			);
		};
/* End PBXProject section */

/* Begin PBXResourcesBuildPhase section */
		7D4008DF255B027000CAB612 /* Resources */ = {
			isa = PBXResourcesBuildPhase;
			buildActionMask = 2147483647;
			files = (
				7D4008F1255B027200CAB612 /* LaunchScreen.storyboard in Resources */,
				7D4008EE255B027200CAB612 /* Preview Assets.xcassets in Resources */,
				7D4008EB255B027200CAB612 /* Assets.xcassets in Resources */,
			);
			runOnlyForDeploymentPostprocessing = 0;
		};
/* End PBXResourcesBuildPhase section */

/* Begin PBXSourcesBuildPhase section */
		7D4008DD255B027000CAB612 /* Sources */ = {
			isa = PBXSourcesBuildPhase;
			buildActionMask = 2147483647;
			files = (
				7D4008E5255B027000CAB612 /* AppDelegate.swift in Sources */,
				7D4008E7255B027000CAB612 /* SceneDelegate.swift in Sources */,
				7D4008E9255B027000CAB612 /* ContentView.swift in Sources */,
			);
			runOnlyForDeploymentPostprocessing = 0;
		};
/* End PBXSourcesBuildPhase section */

/* Begin PBXVariantGroup section */
		7D4008EF255B027200CAB612 /* LaunchScreen.storyboard */ = {
			isa = PBXVariantGroup;
			children = (
				7D4008F0255B027200CAB612 /* Base */,
			);
			name = LaunchScreen.storyboard;
			sourceTree = "<group>";
		};
/* End PBXVariantGroup section */

/* Begin XCBuildConfiguration section */
		7D4008F3255B027200CAB612 /* Debug */ = {
			isa = XCBuildConfiguration;
			buildSettings = {
				ALWAYS_SEARCH_USER_PATHS = NO;
				CLANG_ANALYZER_NONNULL = YES;
				CLANG_ANALYZER_NUMBER_OBJECT_CONVERSION = YES_AGGRESSIVE;
				CLANG_CXX_LANGUAGE_STANDARD = "gnu++14";
				CLANG_CXX_LIBRARY = "libc++";
				CLANG_ENABLE_MODULES = YES;
				CLANG_ENABLE_OBJC_ARC = YES;
				CLANG_ENABLE_OBJC_WEAK = YES;
				CLANG_WARN_BLOCK_CAPTURE_AUTORELEASING = YES;
				CLANG_WARN_BOOL_CONVERSION = YES;
				CLANG_WARN_COMMA = YES;
				CLANG_WARN_CONSTANT_CONVERSION = YES;
				CLANG_WARN_DEPRECATED_OBJC_IMPLEMENTATIONS = YES;
				CLANG_WARN_DIRECT_OBJC_ISA_USAGE = YES_ERROR;
				CLANG_WARN_DOCUMENTATION_COMMENTS = YES;
				CLANG_WARN_EMPTY_BODY = YES;
				CLANG_WARN_ENUM_CONVERSION = YES;
				CLANG_WARN_INFINITE_RECURSION = YES;
				CLANG_WARN_INT_CONVERSION = YES;
				CLANG_WARN_NON_LITERAL_NULL_CONVERSION = YES;
				CLANG_WARN_OBJC_IMPLICIT_RETAIN_SELF = YES;
				CLANG_WARN_OBJC_LITERAL_CONVERSION = YES;
				CLANG_WARN_OBJC_ROOT_CLASS = YES_ERROR;
				CLANG_WARN_RANGE_LOOP_ANALYSIS = YES;
				CLANG_WARN_STRICT_PROTOTYPES = YES;
				CLANG_WARN_SUSPICIOUS_MOVE = YES;
				CLANG_WARN_UNGUARDED_AVAILABILITY = YES_AGGRESSIVE;
				CLANG_WARN_UNREACHABLE_CODE = YES;
				CLANG_WARN__DUPLICATE_METHOD_MATCH = YES;
				COPY_PHASE_STRIP = NO;
				DEBUG_INFORMATION_FORMAT = dwarf;
				ENABLE_STRICT_OBJC_MSGSEND = YES;
				ENABLE_TESTABILITY = YES;
				GCC_C_LANGUAGE_STANDARD = gnu11;
				GCC_DYNAMIC_NO_PIC = NO;
				GCC_NO_COMMON_BLOCKS = YES;
				GCC_OPTIMIZATION_LEVEL = 0;
				GCC_PREPROCESSOR_DEFINITIONS = (
					"DEBUG=1",
					"$(inherited)",
				);
				GCC_WARN_64_TO_32_BIT_CONVERSION = YES;
				GCC_WARN_ABOUT_RETURN_TYPE = YES_ERROR;
				GCC_WARN_UNDECLARED_SELECTOR = YES;
				GCC_WARN_UNINITIALIZED_AUTOS = YES_AGGRESSIVE;
				GCC_WARN_UNUSED_FUNCTION = YES;
				GCC_WARN_UNUSED_VARIABLE = YES;
				IPHONEOS_DEPLOYMENT_TARGET = 13.6;
				MTL_ENABLE_DEBUG_INFO = INCLUDE_SOURCE;
				MTL_FAST_MATH = YES;
				ONLY_ACTIVE_ARCH = YES;
				SDKROOT = iphoneos;
				SWIFT_ACTIVE_COMPILATION_CONDITIONS = DEBUG;
				SWIFT_OPTIMIZATION_LEVEL = "-Onone";
			};
			name = Debug;
		};
		7D4008F4255B027200CAB612 /* Release */ = {
			isa = XCBuildConfiguration;
			buildSettings = {
				ALWAYS_SEARCH_USER_PATHS = NO;
				CLANG_ANALYZER_NONNULL = YES;
				CLANG_ANALYZER_NUMBER_OBJECT_CONVERSION = YES_AGGRESSIVE;
				CLANG_CXX_LANGUAGE_STANDARD = "gnu++14";
				CLANG_CXX_LIBRARY = "libc++";
				CLANG_ENABLE_MODULES = YES;
				CLANG_ENABLE_OBJC_ARC = YES;
				CLANG_ENABLE_OBJC_WEAK = YES;
				CLANG_WARN_BLOCK_CAPTURE_AUTORELEASING = YES;
				CLANG_WARN_BOOL_CONVERSION = YES;
				CLANG_WARN_COMMA = YES;
				CLANG_WARN_CONSTANT_CONVERSION = YES;
				CLANG_WARN_DEPRECATED_OBJC_IMPLEMENTATIONS = YES;
				CLANG_WARN_DIRECT_OBJC_ISA_USAGE = YES_ERROR;
				CLANG_WARN_DOCUMENTATION_COMMENTS = YES;
				CLANG_WARN_EMPTY_BODY = YES;
				CLANG_WARN_ENUM_CONVERSION = YES;
				CLANG_WARN_INFINITE_RECURSION = YES;
				CLANG_WARN_INT_CONVERSION = YES;
				CLANG_WARN_NON_LITERAL_NULL_CONVERSION = YES;
				CLANG_WARN_OBJC_IMPLICIT_RETAIN_SELF = YES;
				CLANG_WARN_OBJC_LITERAL_CONVERSION = YES;
				CLANG_WARN_OBJC_ROOT_CLASS = YES_ERROR;
				CLANG_WARN_RANGE_LOOP_ANALYSIS = YES;
				CLANG_WARN_STRICT_PROTOTYPES = YES;
				CLANG_WARN_SUSPICIOUS_MOVE = YES;
				CLANG_WARN_UNGUARDED_AVAILABILITY = YES_AGGRESSIVE;
				CLANG_WARN_UNREACHABLE_CODE = YES;
				CLANG_WARN__DUPLICATE_METHOD_MATCH = YES;
				COPY_PHASE_STRIP = NO;
				DEBUG_INFORMATION_FORMAT = "dwarf-with-dsym";
				ENABLE_NS_ASSERTIONS = NO;
				ENABLE_STRICT_OBJC_MSGSEND = YES;
				GCC_C_LANGUAGE_STANDARD = gnu11;
				GCC_NO_COMMON_BLOCKS = YES;
				GCC_WARN_64_TO_32_BIT_CONVERSION = YES;
				GCC_WARN_ABOUT_RETURN_TYPE = YES_ERROR;
				GCC_WARN_UNDECLARED_SELECTOR = YES;
				GCC_WARN_UNINITIALIZED_AUTOS = YES_AGGRESSIVE;
				GCC_WARN_UNUSED_FUNCTION = YES;
				GCC_WARN_UNUSED_VARIABLE = YES;
				IPHONEOS_DEPLOYMENT_TARGET = 13.6;
				MTL_ENABLE_DEBUG_INFO = NO;
				MTL_FAST_MATH = YES;
				SDKROOT = iphoneos;
				SWIFT_COMPILATION_MODE = wholemodule;
				SWIFT_OPTIMIZATION_LEVEL = "-O";
				VALIDATE_PRODUCT = YES;
			};
			name = Release;
		};
		7D4008F6255B027200CAB612 /* Debug */ = {
			isa = XCBuildConfiguration;
			buildSettings = {
				ASSETCATALOG_COMPILER_APPICON_NAME = AppIcon;
				CODE_SIGN_STYLE = Automatic;
				DEVELOPMENT_ASSET_PATHS = "\"Kalkulaet/Preview Content\"";
				DEVELOPMENT_TEAM = 74R95MLTJ6;
				ENABLE_PREVIEWS = YES;
				INFOPLIST_FILE = Kalkulaet/Info.plist;
				LD_RUNPATH_SEARCH_PATHS = (
					"$(inherited)",
					"@executable_path/Frameworks",
				);
				PRODUCT_BUNDLE_IDENTIFIER = antonmikliayev.Kalkulaet;
				PRODUCT_NAME = "$(TARGET_NAME)";
				SWIFT_VERSION = 5.0;
				TARGETED_DEVICE_FAMILY = "1,2";
			};
			name = Debug;
		};
		7D4008F7255B027200CAB612 /* Release */ = {
			isa = XCBuildConfiguration;
			buildSettings = {
				ASSETCATALOG_COMPILER_APPICON_NAME = AppIcon;
				CODE_SIGN_STYLE = Automatic;
				DEVELOPMENT_ASSET_PATHS = "\"Kalkulaet/Preview Content\"";
				DEVELOPMENT_TEAM = 74R95MLTJ6;
				ENABLE_PREVIEWS = YES;
				INFOPLIST_FILE = Kalkulaet/Info.plist;
				LD_RUNPATH_SEARCH_PATHS = (
					"$(inherited)",
					"@executable_path/Frameworks",
				);
				PRODUCT_BUNDLE_IDENTIFIER = antonmikliayev.Kalkulaet;
				PRODUCT_NAME = "$(TARGET_NAME)";
				SWIFT_VERSION = 5.0;
				TARGETED_DEVICE_FAMILY = "1,2";
			};
			name = Release;
		};
/* End XCBuildConfiguration section */

/* Begin XCConfigurationList section */
		7D4008DC255B027000CAB612 /* Build configuration list for PBXProject "Kalkulaet" */ = {
			isa = XCConfigurationList;
			buildConfigurations = (
				7D4008F3255B027200CAB612 /* Debug */,
				7D4008F4255B027200CAB612 /* Release */,
			);
			defaultConfigurationIsVisible = 0;
			defaultConfigurationName = Release;
		};
		7D4008F5255B027200CAB612 /* Build configuration list for PBXNativeTarget "Kalkulaet" */ = {
			isa = XCConfigurationList;
			buildConfigurations = (
				7D4008F6255B027200CAB612 /* Debug */,
				7D4008F7255B027200CAB612 /* Release */,
			);
			defaultConfigurationIsVisible = 0;
			defaultConfigurationName = Release;
		};
/* End XCConfigurationList section */
	};
	rootObject = 7D4008D9255B027000CAB612 /* Project object */;
}
